
Microsoft Visual Studio Solution File, Format Version 12.00
# Visual Studio Version 16
VisualStudioVersion = 16.0.31702.278
MinimumVisualStudioVersion = 10.0.40219.1
Project("{FAE04EC0-301F-11D3-BF4B-00C04F79EFBC}") = "UserRegistrationProblems", "UserRegistrationProblems\UserRegistrationProblems.csproj", "{2275584E-CC99-4852-928C-EE36114FC6AB}"
EndProject
Global
	GlobalSection(SolutionConfigurationPlatforms) = preSolution
		Debug|Any CPU = Debug|Any CPU
		Release|Any CPU = Release|Any CPU
	EndGlobalSection
	GlobalSection(ProjectConfigurationPlatforms) = postSolution
		{2275584E-CC99-4852-928C-EE36114FC6AB}.Debug|Any CPU.ActiveCfg = Debug|Any CPU
		{2275584E-CC99-4852-928C-EE36114FC6AB}.Debug|Any CPU.Build.0 = Debug|Any CPU
		{2275584E-CC99-4852-928C-EE36114FC6AB}.Release|Any CPU.ActiveCfg = Release|Any CPU
		{2275584E-CC99-4852-928C-EE36114FC6AB}.Release|Any CPU.Build.0 = Release|Any CPU
	EndGlobalSection
	GlobalSection(SolutionProperties) = preSolution
		HideSolutionNode = FALSE
	EndGlobalSection
	GlobalSection(ExtensibilityGlobals) = postSolution
		SolutionGuid = {969EEE75-04D1-4190-AF2A-FDE782EB4DEF}
	EndGlobalSection
EndGlobal
